
Microsoft Visual Studio Solution File, Format Version 12.00
# Visual Studio Version 16
VisualStudioVersion = 16.0.30804.86
MinimumVisualStudioVersion = 10.0.40219.1
Project("{FAE04EC0-301F-11D3-BF4B-00C04F79EFBC}") = "for-foreach-while-and-class-structure", "for-foreach-while-and-class-structure.csproj", "{93F12857-A4BA-4A79-B3B9-B731D9FAE436}"
EndProject
Global
	GlobalSection(SolutionConfigurationPlatforms) = preSolution
		Debug|Any CPU = Debug|Any CPU
		Release|Any CPU = Release|Any CPU
	EndGlobalSection
	GlobalSection(ProjectConfigurationPlatforms) = postSolution
		{93F12857-A4BA-4A79-B3B9-B731D9FAE436}.Debug|Any CPU.ActiveCfg = Debug|Any CPU
		{93F12857-A4BA-4A79-B3B9-B731D9FAE436}.Debug|Any CPU.Build.0 = Debug|Any CPU
		{93F12857-A4BA-4A79-B3B9-B731D9FAE436}.Release|Any CPU.ActiveCfg = Release|Any CPU
		{93F12857-A4BA-4A79-B3B9-B731D9FAE436}.Release|Any CPU.Build.0 = Release|Any CPU
	EndGlobalSection
	GlobalSection(SolutionProperties) = preSolution
		HideSolutionNode = FALSE
	EndGlobalSection
	GlobalSection(ExtensibilityGlobals) = postSolution
		SolutionGuid = {CCCD1132-B491-46C5-97F8-25A48A30401F}
	EndGlobalSection
EndGlobal
